
Microsoft Visual Studio Solution File, Format Version 12.00
# Visual Studio 15
VisualStudioVersion = 15.0.27004.2005
MinimumVisualStudioVersion = 10.0.40219.1
Project("{FAE04EC0-301F-11D3-BF4B-00C04F79EFBC}") = "SamuraiAppCore.Domain", "SamuraiAppCore.Domain\SamuraiAppCore.Domain.csproj", "{4D2EC2B4-79CD-4CF5-8DC3-761E2168B5A8}"
EndProject
Project("{FAE04EC0-301F-11D3-BF4B-00C04F79EFBC}") = "SamuraiAppCore.Data", "SamuraiAppCore.Data\SamuraiAppCore.Data.csproj", "{BB2ACDE9-1F12-4925-A86D-E7E18D402F72}"
EndProject
Global
	GlobalSection(SolutionConfigurationPlatforms) = preSolution
		Debug|Any CPU = Debug|Any CPU
		Release|Any CPU = Release|Any CPU
	EndGlobalSection
	GlobalSection(ProjectConfigurationPlatforms) = postSolution
		{4D2EC2B4-79CD-4CF5-8DC3-761E2168B5A8}.Debug|Any CPU.ActiveCfg = Debug|Any CPU
		{4D2EC2B4-79CD-4CF5-8DC3-761E2168B5A8}.Debug|Any CPU.Build.0 = Debug|Any CPU
		{4D2EC2B4-79CD-4CF5-8DC3-761E2168B5A8}.Release|Any CPU.ActiveCfg = Release|Any CPU
		{4D2EC2B4-79CD-4CF5-8DC3-761E2168B5A8}.Release|Any CPU.Build.0 = Release|Any CPU
		{BB2ACDE9-1F12-4925-A86D-E7E18D402F72}.Debug|Any CPU.ActiveCfg = Debug|Any CPU
		{BB2ACDE9-1F12-4925-A86D-E7E18D402F72}.Debug|Any CPU.Build.0 = Debug|Any CPU
		{BB2ACDE9-1F12-4925-A86D-E7E18D402F72}.Release|Any CPU.ActiveCfg = Release|Any CPU
		{BB2ACDE9-1F12-4925-A86D-E7E18D402F72}.Release|Any CPU.Build.0 = Release|Any CPU
	EndGlobalSection
	GlobalSection(SolutionProperties) = preSolution
		HideSolutionNode = FALSE
	EndGlobalSection
	GlobalSection(ExtensibilityGlobals) = postSolution
		SolutionGuid = {1B617ECD-DDFE-4A30-A6FF-C76C4E21B137}
	EndGlobalSection
EndGlobal
